// !$*UTF8*$!
{
	archiveVersion = 1;
	classes = {
	};
	objectVersion = 56;
	objects = {

/* Begin PBXBuildFile section */
		93DAA7363ED3520F394414CA /* Pods_BinBot.framework in Frameworks */ = {isa = PBXBuildFile; fileRef = 51F76260DBC027B9A3B309DE /* Pods_BinBot.framework */; };
		F8006D6F2AAB3E6F004C2DC3 /* TabBar.swift in Sources */ = {isa = PBXBuildFile; fileRef = F8006D6E2AAB3E6F004C2DC3 /* TabBar.swift */; };
		F8006D712AAB3E7C004C2DC3 /* OnboardingModel.swift in Sources */ = {isa = PBXBuildFile; fileRef = F8006D702AAB3E7C004C2DC3 /* OnboardingModel.swift */; };
		F8006D732AAB3E84004C2DC3 /* OnboardingViewController.swift in Sources */ = {isa = PBXBuildFile; fileRef = F8006D722AAB3E84004C2DC3 /* OnboardingViewController.swift */; };
		F8006D752AAB3E8F004C2DC3 /* PreloaderVC.swift in Sources */ = {isa = PBXBuildFile; fileRef = F8006D742AAB3E8F004C2DC3 /* PreloaderVC.swift */; };
		F8006D782AAB3F76004C2DC3 /* Localizable.strings in Resources */ = {isa = PBXBuildFile; fileRef = F8006D7A2AAB3F76004C2DC3 /* Localizable.strings */; };
		F8006D7D2AAB4AC2004C2DC3 /* LoginController.swift in Sources */ = {isa = PBXBuildFile; fileRef = F8006D7C2AAB4AC2004C2DC3 /* LoginController.swift */; };
		F8006D802AAB594D004C2DC3 /* PlatformController.swift in Sources */ = {isa = PBXBuildFile; fileRef = F8006D7F2AAB594D004C2DC3 /* PlatformController.swift */; };
		F8006D822AAB59BF004C2DC3 /* BinBotContent.swift in Sources */ = {isa = PBXBuildFile; fileRef = F8006D812AAB59BF004C2DC3 /* BinBotContent.swift */; };
		F8006D842AAB59CC004C2DC3 /* TradingView.swift in Sources */ = {isa = PBXBuildFile; fileRef = F8006D832AAB59CC004C2DC3 /* TradingView.swift */; };
		F8006D862AAB59D5004C2DC3 /* PairView.swift in Sources */ = {isa = PBXBuildFile; fileRef = F8006D852AAB59D5004C2DC3 /* PairView.swift */; };
		F8006D882AAB59DF004C2DC3 /* PairCell.swift in Sources */ = {isa = PBXBuildFile; fileRef = F8006D872AAB59DF004C2DC3 /* PairCell.swift */; };
		F8006D8A2AAB59FD004C2DC3 /* UserData.swift in Sources */ = {isa = PBXBuildFile; fileRef = F8006D892AAB59FD004C2DC3 /* UserData.swift */; };
		F8006D8D2AAB5AA0004C2DC3 /* BotController.swift in Sources */ = {isa = PBXBuildFile; fileRef = F8006D8C2AAB5AA0004C2DC3 /* BotController.swift */; };
		F8006D902AAB5AF5004C2DC3 /* SupportController.swift in Sources */ = {isa = PBXBuildFile; fileRef = F8006D8F2AAB5AF5004C2DC3 /* SupportController.swift */; };
		F8006D932AAB5B31004C2DC3 /* AccountController.swift in Sources */ = {isa = PBXBuildFile; fileRef = F8006D922AAB5B31004C2DC3 /* AccountController.swift */; };
		F8006D952AAB6C55004C2DC3 /* DepositController.swift in Sources */ = {isa = PBXBuildFile; fileRef = F8006D942AAB6C55004C2DC3 /* DepositController.swift */; };
		F8006D972AAB7844004C2DC3 /* QuizController.swift in Sources */ = {isa = PBXBuildFile; fileRef = F8006D962AAB7844004C2DC3 /* QuizController.swift */; };
		F80EE2522AAD0B0300816219 /* RobotController.swift in Sources */ = {isa = PBXBuildFile; fileRef = F80EE2512AAD0B0300816219 /* RobotController.swift */; };
		F80EE2542AAD159600816219 /* ResultController.swift in Sources */ = {isa = PBXBuildFile; fileRef = F80EE2532AAD159600816219 /* ResultController.swift */; };
		F816E6302AA88B83004AB0C1 /* AppDelegate.swift in Sources */ = {isa = PBXBuildFile; fileRef = F816E62F2AA88B83004AB0C1 /* AppDelegate.swift */; };
		F816E6322AA88B83004AB0C1 /* SceneDelegate.swift in Sources */ = {isa = PBXBuildFile; fileRef = F816E6312AA88B83004AB0C1 /* SceneDelegate.swift */; };
		F816E6342AA88B83004AB0C1 /* ViewController.swift in Sources */ = {isa = PBXBuildFile; fileRef = F816E6332AA88B83004AB0C1 /* ViewController.swift */; };
		F816E6392AA88B85004AB0C1 /* Assets.xcassets in Resources */ = {isa = PBXBuildFile; fileRef = F816E6382AA88B85004AB0C1 /* Assets.xcassets */; };
		F816E63C2AA88B85004AB0C1 /* LaunchScreen.storyboard in Resources */ = {isa = PBXBuildFile; fileRef = F816E63A2AA88B85004AB0C1 /* LaunchScreen.storyboard */; };
		F8337AE32AACA8B600B8B942 /* StrategyCell.swift in Sources */ = {isa = PBXBuildFile; fileRef = F8337AE22AACA8B600B8B942 /* StrategyCell.swift */; };
		F8337AE52AACBE2B00B8B942 /* StrategyController.swift in Sources */ = {isa = PBXBuildFile; fileRef = F8337AE42AACBE2B00B8B942 /* StrategyController.swift */; };
		F8526B9E2AAF25D2003BE570 /* StaticContent.swift in Sources */ = {isa = PBXBuildFile; fileRef = F8526B9D2AAF25D2003BE570 /* StaticContent.swift */; };
/* End PBXBuildFile section */

/* Begin PBXFileReference section */
		51F76260DBC027B9A3B309DE /* Pods_BinBot.framework */ = {isa = PBXFileReference; explicitFileType = wrapper.framework; includeInIndex = 0; path = Pods_BinBot.framework; sourceTree = BUILT_PRODUCTS_DIR; };
		7FA3E607690D172877B08A49 /* Pods-BinBot.release.xcconfig */ = {isa = PBXFileReference; includeInIndex = 1; lastKnownFileType = text.xcconfig; name = "Pods-BinBot.release.xcconfig"; path = "Target Support Files/Pods-BinBot/Pods-BinBot.release.xcconfig"; sourceTree = "<group>"; };
		A232C87927E7180086B47FD6 /* Pods-BinBot.debug.xcconfig */ = {isa = PBXFileReference; includeInIndex = 1; lastKnownFileType = text.xcconfig; name = "Pods-BinBot.debug.xcconfig"; path = "Target Support Files/Pods-BinBot/Pods-BinBot.debug.xcconfig"; sourceTree = "<group>"; };
		F8006D6E2AAB3E6F004C2DC3 /* TabBar.swift */ = {isa = PBXFileReference; lastKnownFileType = sourcecode.swift; path = TabBar.swift; sourceTree = "<group>"; };
		F8006D702AAB3E7C004C2DC3 /* OnboardingModel.swift */ = {isa = PBXFileReference; lastKnownFileType = sourcecode.swift; path = OnboardingModel.swift; sourceTree = "<group>"; };
		F8006D722AAB3E84004C2DC3 /* OnboardingViewController.swift */ = {isa = PBXFileReference; lastKnownFileType = sourcecode.swift; path = OnboardingViewController.swift; sourceTree = "<group>"; };
		F8006D742AAB3E8F004C2DC3 /* PreloaderVC.swift */ = {isa = PBXFileReference; lastKnownFileType = sourcecode.swift; path = PreloaderVC.swift; sourceTree = "<group>"; };
		F8006D792AAB3F76004C2DC3 /* en */ = {isa = PBXFileReference; lastKnownFileType = text.plist.strings; name = en; path = en.lproj/Localizable.strings; sourceTree = "<group>"; };
		F8006D7C2AAB4AC2004C2DC3 /* LoginController.swift */ = {isa = PBXFileReference; lastKnownFileType = sourcecode.swift; path = LoginController.swift; sourceTree = "<group>"; };
		F8006D7F2AAB594D004C2DC3 /* PlatformController.swift */ = {isa = PBXFileReference; lastKnownFileType = sourcecode.swift; path = PlatformController.swift; sourceTree = "<group>"; };
		F8006D812AAB59BF004C2DC3 /* BinBotContent.swift */ = {isa = PBXFileReference; lastKnownFileType = sourcecode.swift; path = BinBotContent.swift; sourceTree = "<group>"; };
		F8006D832AAB59CC004C2DC3 /* TradingView.swift */ = {isa = PBXFileReference; lastKnownFileType = sourcecode.swift; path = TradingView.swift; sourceTree = "<group>"; };
		F8006D852AAB59D5004C2DC3 /* PairView.swift */ = {isa = PBXFileReference; lastKnownFileType = sourcecode.swift; path = PairView.swift; sourceTree = "<group>"; };
		F8006D872AAB59DF004C2DC3 /* PairCell.swift */ = {isa = PBXFileReference; lastKnownFileType = sourcecode.swift; path = PairCell.swift; sourceTree = "<group>"; };
		F8006D892AAB59FD004C2DC3 /* UserData.swift */ = {isa = PBXFileReference; lastKnownFileType = sourcecode.swift; path = UserData.swift; sourceTree = "<group>"; };
		F8006D8C2AAB5AA0004C2DC3 /* BotController.swift */ = {isa = PBXFileReference; lastKnownFileType = sourcecode.swift; path = BotController.swift; sourceTree = "<group>"; };
		F8006D8F2AAB5AF5004C2DC3 /* SupportController.swift */ = {isa = PBXFileReference; lastKnownFileType = sourcecode.swift; path = SupportController.swift; sourceTree = "<group>"; };
		F8006D922AAB5B31004C2DC3 /* AccountController.swift */ = {isa = PBXFileReference; lastKnownFileType = sourcecode.swift; path = AccountController.swift; sourceTree = "<group>"; };
		F8006D942AAB6C55004C2DC3 /* DepositController.swift */ = {isa = PBXFileReference; lastKnownFileType = sourcecode.swift; path = DepositController.swift; sourceTree = "<group>"; };
		F8006D962AAB7844004C2DC3 /* QuizController.swift */ = {isa = PBXFileReference; lastKnownFileType = sourcecode.swift; path = QuizController.swift; sourceTree = "<group>"; };
		F80EE2512AAD0B0300816219 /* RobotController.swift */ = {isa = PBXFileReference; lastKnownFileType = sourcecode.swift; path = RobotController.swift; sourceTree = "<group>"; };
		F80EE2532AAD159600816219 /* ResultController.swift */ = {isa = PBXFileReference; lastKnownFileType = sourcecode.swift; path = ResultController.swift; sourceTree = "<group>"; };
		F816E62C2AA88B83004AB0C1 /* BinBot.app */ = {isa = PBXFileReference; explicitFileType = wrapper.application; includeInIndex = 0; path = BinBot.app; sourceTree = BUILT_PRODUCTS_DIR; };
		F816E62F2AA88B83004AB0C1 /* AppDelegate.swift */ = {isa = PBXFileReference; lastKnownFileType = sourcecode.swift; path = AppDelegate.swift; sourceTree = "<group>"; };
		F816E6312AA88B83004AB0C1 /* SceneDelegate.swift */ = {isa = PBXFileReference; lastKnownFileType = sourcecode.swift; path = SceneDelegate.swift; sourceTree = "<group>"; };
		F816E6332AA88B83004AB0C1 /* ViewController.swift */ = {isa = PBXFileReference; lastKnownFileType = sourcecode.swift; path = ViewController.swift; sourceTree = "<group>"; };
		F816E6382AA88B85004AB0C1 /* Assets.xcassets */ = {isa = PBXFileReference; lastKnownFileType = folder.assetcatalog; path = Assets.xcassets; sourceTree = "<group>"; };
		F816E63B2AA88B85004AB0C1 /* Base */ = {isa = PBXFileReference; lastKnownFileType = file.storyboard; name = Base; path = Base.lproj/LaunchScreen.storyboard; sourceTree = "<group>"; };
		F816E63D2AA88B85004AB0C1 /* Info.plist */ = {isa = PBXFileReference; lastKnownFileType = text.plist.xml; path = Info.plist; sourceTree = "<group>"; };
		F8337AE22AACA8B600B8B942 /* StrategyCell.swift */ = {isa = PBXFileReference; lastKnownFileType = sourcecode.swift; path = StrategyCell.swift; sourceTree = "<group>"; };
		F8337AE42AACBE2B00B8B942 /* StrategyController.swift */ = {isa = PBXFileReference; lastKnownFileType = sourcecode.swift; path = StrategyController.swift; sourceTree = "<group>"; };
		F8526B9D2AAF25D2003BE570 /* StaticContent.swift */ = {isa = PBXFileReference; lastKnownFileType = sourcecode.swift; path = StaticContent.swift; sourceTree = "<group>"; };
/* End PBXFileReference section */

/* Begin PBXFrameworksBuildPhase section */
		F816E6292AA88B83004AB0C1 /* Frameworks */ = {
			isa = PBXFrameworksBuildPhase;
			buildActionMask = 2147483647;
			files = (
				93DAA7363ED3520F394414CA /* Pods_BinBot.framework in Frameworks */,
			);
			runOnlyForDeploymentPostprocessing = 0;
		};
/* End PBXFrameworksBuildPhase section */

/* Begin PBXGroup section */
		01CA8D60F89CDD30CF1A40E0 /* Pods */ = {
			isa = PBXGroup;
			children = (
				A232C87927E7180086B47FD6 /* Pods-BinBot.debug.xcconfig */,
				7FA3E607690D172877B08A49 /* Pods-BinBot.release.xcconfig */,
			);
			path = Pods;
			sourceTree = "<group>";
		};
		2807C3C527D5FBB04AA4E56B /* Frameworks */ = {
			isa = PBXGroup;
			children = (
				51F76260DBC027B9A3B309DE /* Pods_BinBot.framework */,
			);
			name = Frameworks;
			sourceTree = "<group>";
		};
		F8006D6D2AAB3E61004C2DC3 /* Onboarding */ = {
			isa = PBXGroup;
			children = (
				F8006D702AAB3E7C004C2DC3 /* OnboardingModel.swift */,
				F8006D722AAB3E84004C2DC3 /* OnboardingViewController.swift */,
				F8006D742AAB3E8F004C2DC3 /* PreloaderVC.swift */,
			);
			path = Onboarding;
			sourceTree = "<group>";
		};
		F8006D7B2AAB495E004C2DC3 /* Login */ = {
			isa = PBXGroup;
			children = (
				F8006D6E2AAB3E6F004C2DC3 /* TabBar.swift */,
				F8006D7C2AAB4AC2004C2DC3 /* LoginController.swift */,
			);
			path = Login;
			sourceTree = "<group>";
		};
		F8006D7E2AAB5949004C2DC3 /* Platform */ = {
			isa = PBXGroup;
			children = (
				F8006D942AAB6C55004C2DC3 /* DepositController.swift */,
				F8006D7F2AAB594D004C2DC3 /* PlatformController.swift */,
				F8006D852AAB59D5004C2DC3 /* PairView.swift */,
				F8006D872AAB59DF004C2DC3 /* PairCell.swift */,
				F8006D812AAB59BF004C2DC3 /* BinBotContent.swift */,
				F8006D832AAB59CC004C2DC3 /* TradingView.swift */,
				F8006D892AAB59FD004C2DC3 /* UserData.swift */,
			);
			path = Platform;
			sourceTree = "<group>";
		};
		F8006D8B2AAB5A9C004C2DC3 /* Bot */ = {
			isa = PBXGroup;
			children = (
				F8006D8C2AAB5AA0004C2DC3 /* BotController.swift */,
				F8337AE22AACA8B600B8B942 /* StrategyCell.swift */,
				F8337AE42AACBE2B00B8B942 /* StrategyController.swift */,
				F80EE2512AAD0B0300816219 /* RobotController.swift */,
				F80EE2532AAD159600816219 /* ResultController.swift */,
			);
			path = Bot;
			sourceTree = "<group>";
		};
		F8006D8E2AAB5AE9004C2DC3 /* Support */ = {
			isa = PBXGroup;
			children = (
				F8006D8F2AAB5AF5004C2DC3 /* SupportController.swift */,
				F8006D962AAB7844004C2DC3 /* QuizController.swift */,
			);
			path = Support;
			sourceTree = "<group>";
		};
		F8006D912AAB5B28004C2DC3 /* Account */ = {
			isa = PBXGroup;
			children = (
				F8006D922AAB5B31004C2DC3 /* AccountController.swift */,
			);
			path = Account;
			sourceTree = "<group>";
		};
		F816E6232AA88B83004AB0C1 = {
			isa = PBXGroup;
			children = (
				F816E62E2AA88B83004AB0C1 /* BinBot */,
				F816E62D2AA88B83004AB0C1 /* Products */,
				01CA8D60F89CDD30CF1A40E0 /* Pods */,
				2807C3C527D5FBB04AA4E56B /* Frameworks */,
			);
			sourceTree = "<group>";
		};
		F816E62D2AA88B83004AB0C1 /* Products */ = {
			isa = PBXGroup;
			children = (
				F816E62C2AA88B83004AB0C1 /* BinBot.app */,
			);
			name = Products;
			sourceTree = "<group>";
		};
		F816E62E2AA88B83004AB0C1 /* BinBot */ = {
			isa = PBXGroup;
			children = (
				F8526B9C2AAF25C6003BE570 /* Content */,
				F8006D912AAB5B28004C2DC3 /* Account */,
				F8006D8E2AAB5AE9004C2DC3 /* Support */,
				F8006D8B2AAB5A9C004C2DC3 /* Bot */,
				F8006D7E2AAB5949004C2DC3 /* Platform */,
				F8006D7B2AAB495E004C2DC3 /* Login */,
				F8006D6D2AAB3E61004C2DC3 /* Onboarding */,
				F816E62F2AA88B83004AB0C1 /* AppDelegate.swift */,
				F816E6312AA88B83004AB0C1 /* SceneDelegate.swift */,
				F816E6332AA88B83004AB0C1 /* ViewController.swift */,
				F816E6382AA88B85004AB0C1 /* Assets.xcassets */,
				F816E63A2AA88B85004AB0C1 /* LaunchScreen.storyboard */,
				F816E63D2AA88B85004AB0C1 /* Info.plist */,
				F8006D7A2AAB3F76004C2DC3 /* Localizable.strings */,
			);
			path = BinBot;
			sourceTree = "<group>";
		};
		F8526B9C2AAF25C6003BE570 /* Content */ = {
			isa = PBXGroup;
			children = (
				F8526B9D2AAF25D2003BE570 /* StaticContent.swift */,
			);
			path = Content;
			sourceTree = "<group>";
		};
/* End PBXGroup section */

/* Begin PBXNativeTarget section */
		F816E62B2AA88B83004AB0C1 /* BinBot */ = {
			isa = PBXNativeTarget;
			buildConfigurationList = F816E6402AA88B85004AB0C1 /* Build configuration list for PBXNativeTarget "BinBot" */;
			buildPhases = (
				28521A8C08BAC39572A519EB /* [CP] Check Pods Manifest.lock */,
				F816E6282AA88B83004AB0C1 /* Sources */,
				F816E6292AA88B83004AB0C1 /* Frameworks */,
				F816E62A2AA88B83004AB0C1 /* Resources */,
				C96A5EBCD8A6950A0A7701CA /* [CP] Embed Pods Frameworks */,
			);
			buildRules = (
			);
			dependencies = (
			);
			name = BinBot;
			productName = BinBot;
			productReference = F816E62C2AA88B83004AB0C1 /* BinBot.app */;
			productType = "com.apple.product-type.application";
		};
/* End PBXNativeTarget section */

/* Begin PBXProject section */
		F816E6242AA88B83004AB0C1 /* Project object */ = {
			isa = PBXProject;
			attributes = {
				BuildIndependentTargetsInParallel = 1;
				LastSwiftUpdateCheck = 1400;
				LastUpgradeCheck = 1400;
				TargetAttributes = {
					F816E62B2AA88B83004AB0C1 = {
						CreatedOnToolsVersion = 14.0.1;
					};
				};
			};
			buildConfigurationList = F816E6272AA88B83004AB0C1 /* Build configuration list for PBXProject "BinBot" */;
			compatibilityVersion = "Xcode 14.0";
			developmentRegion = en;
			hasScannedForEncodings = 0;
			knownRegions = (
				en,
				Base,
			);
			mainGroup = F816E6232AA88B83004AB0C1;
			productRefGroup = F816E62D2AA88B83004AB0C1 /* Products */;
			projectDirPath = "";
			projectRoot = "";
			targets = (
				F816E62B2AA88B83004AB0C1 /* BinBot */,
			);
		};
/* End PBXProject section */

/* Begin PBXResourcesBuildPhase section */
		F816E62A2AA88B83004AB0C1 /* Resources */ = {
			isa = PBXResourcesBuildPhase;
			buildActionMask = 2147483647;
			files = (
				F816E63C2AA88B85004AB0C1 /* LaunchScreen.storyboard in Resources */,
				F8006D782AAB3F76004C2DC3 /* Localizable.strings in Resources */,
				F816E6392AA88B85004AB0C1 /* Assets.xcassets in Resources */,
			);
			runOnlyForDeploymentPostprocessing = 0;
		};
/* End PBXResourcesBuildPhase section */

/* Begin PBXShellScriptBuildPhase section */
		28521A8C08BAC39572A519EB /* [CP] Check Pods Manifest.lock */ = {
			isa = PBXShellScriptBuildPhase;
			buildActionMask = 2147483647;
			files = (
			);
			inputFileListPaths = (
			);
			inputPaths = (
				"${PODS_PODFILE_DIR_PATH}/Podfile.lock",
				"${PODS_ROOT}/Manifest.lock",
			);
			name = "[CP] Check Pods Manifest.lock";
			outputFileListPaths = (
			);
			outputPaths = (
				"$(DERIVED_FILE_DIR)/Pods-BinBot-checkManifestLockResult.txt",
			);
			runOnlyForDeploymentPostprocessing = 0;
			shellPath = /bin/sh;
			shellScript = "diff \"${PODS_PODFILE_DIR_PATH}/Podfile.lock\" \"${PODS_ROOT}/Manifest.lock\" > /dev/null\nif [ $? != 0 ] ; then\n    # print error to STDERR\n    echo \"error: The sandbox is not in sync with the Podfile.lock. Run 'pod install' or update your CocoaPods installation.\" >&2\n    exit 1\nfi\n# This output is used by Xcode 'outputs' to avoid re-running this script phase.\necho \"SUCCESS\" > \"${SCRIPT_OUTPUT_FILE_0}\"\n";
			showEnvVarsInLog = 0;
		};
		C96A5EBCD8A6950A0A7701CA /* [CP] Embed Pods Frameworks */ = {
			isa = PBXShellScriptBuildPhase;
			buildActionMask = 2147483647;
			files = (
			);
			inputFileListPaths = (
				"${PODS_ROOT}/Target Support Files/Pods-BinBot/Pods-BinBot-frameworks-${CONFIGURATION}-input-files.xcfilelist",
			);
			name = "[CP] Embed Pods Frameworks";
			outputFileListPaths = (
				"${PODS_ROOT}/Target Support Files/Pods-BinBot/Pods-BinBot-frameworks-${CONFIGURATION}-output-files.xcfilelist",
			);
			runOnlyForDeploymentPostprocessing = 0;
			shellPath = /bin/sh;
			shellScript = "\"${PODS_ROOT}/Target Support Files/Pods-BinBot/Pods-BinBot-frameworks.sh\"\n";
			showEnvVarsInLog = 0;
		};
/* End PBXShellScriptBuildPhase section */

/* Begin PBXSourcesBuildPhase section */
		F816E6282AA88B83004AB0C1 /* Sources */ = {
			isa = PBXSourcesBuildPhase;
			buildActionMask = 2147483647;
			files = (
				F8006D862AAB59D5004C2DC3 /* PairView.swift in Sources */,
				F8526B9E2AAF25D2003BE570 /* StaticContent.swift in Sources */,
				F816E6342AA88B83004AB0C1 /* ViewController.swift in Sources */,
				F8006D8A2AAB59FD004C2DC3 /* UserData.swift in Sources */,
				F8006D902AAB5AF5004C2DC3 /* SupportController.swift in Sources */,
				F8006D952AAB6C55004C2DC3 /* DepositController.swift in Sources */,
				F8006D932AAB5B31004C2DC3 /* AccountController.swift in Sources */,
				F8337AE52AACBE2B00B8B942 /* StrategyController.swift in Sources */,
				F8006D732AAB3E84004C2DC3 /* OnboardingViewController.swift in Sources */,
				F80EE2522AAD0B0300816219 /* RobotController.swift in Sources */,
				F8006D712AAB3E7C004C2DC3 /* OnboardingModel.swift in Sources */,
				F8006D882AAB59DF004C2DC3 /* PairCell.swift in Sources */,
				F8006D822AAB59BF004C2DC3 /* BinBotContent.swift in Sources */,
				F816E6302AA88B83004AB0C1 /* AppDelegate.swift in Sources */,
				F8006D802AAB594D004C2DC3 /* PlatformController.swift in Sources */,
				F8337AE32AACA8B600B8B942 /* StrategyCell.swift in Sources */,
				F8006D752AAB3E8F004C2DC3 /* PreloaderVC.swift in Sources */,
				F8006D7D2AAB4AC2004C2DC3 /* LoginController.swift in Sources */,
				F8006D842AAB59CC004C2DC3 /* TradingView.swift in Sources */,
				F8006D972AAB7844004C2DC3 /* QuizController.swift in Sources */,
				F80EE2542AAD159600816219 /* ResultController.swift in Sources */,
				F816E6322AA88B83004AB0C1 /* SceneDelegate.swift in Sources */,
				F8006D8D2AAB5AA0004C2DC3 /* BotController.swift in Sources */,
				F8006D6F2AAB3E6F004C2DC3 /* TabBar.swift in Sources */,
			);
			runOnlyForDeploymentPostprocessing = 0;
		};
/* End PBXSourcesBuildPhase section */

/* Begin PBXVariantGroup section */
		F8006D7A2AAB3F76004C2DC3 /* Localizable.strings */ = {
			isa = PBXVariantGroup;
			children = (
				F8006D792AAB3F76004C2DC3 /* en */,
			);
			name = Localizable.strings;
			sourceTree = "<group>";
		};
		F816E63A2AA88B85004AB0C1 /* LaunchScreen.storyboard */ = {
			isa = PBXVariantGroup;
			children = (
				F816E63B2AA88B85004AB0C1 /* Base */,
			);
			name = LaunchScreen.storyboard;
			sourceTree = "<group>";
		};
/* End PBXVariantGroup section */

/* Begin XCBuildConfiguration section */
		F816E63E2AA88B85004AB0C1 /* Debug */ = {
			isa = XCBuildConfiguration;
			buildSettings = {
				ALWAYS_SEARCH_USER_PATHS = NO;
				CLANG_ANALYZER_NONNULL = YES;
				CLANG_ANALYZER_NUMBER_OBJECT_CONVERSION = YES_AGGRESSIVE;
				CLANG_CXX_LANGUAGE_STANDARD = "gnu++20";
				CLANG_ENABLE_MODULES = YES;
				CLANG_ENABLE_OBJC_ARC = YES;
				CLANG_ENABLE_OBJC_WEAK = YES;
				CLANG_WARN_BLOCK_CAPTURE_AUTORELEASING = YES;
				CLANG_WARN_BOOL_CONVERSION = YES;
				CLANG_WARN_COMMA = YES;
				CLANG_WARN_CONSTANT_CONVERSION = YES;
				CLANG_WARN_DEPRECATED_OBJC_IMPLEMENTATIONS = YES;
				CLANG_WARN_DIRECT_OBJC_ISA_USAGE = YES_ERROR;
				CLANG_WARN_DOCUMENTATION_COMMENTS = YES;
				CLANG_WARN_EMPTY_BODY = YES;
				CLANG_WARN_ENUM_CONVERSION = YES;
				CLANG_WARN_INFINITE_RECURSION = YES;
				CLANG_WARN_INT_CONVERSION = YES;
				CLANG_WARN_NON_LITERAL_NULL_CONVERSION = YES;
				CLANG_WARN_OBJC_IMPLICIT_RETAIN_SELF = YES;
				CLANG_WARN_OBJC_LITERAL_CONVERSION = YES;
				CLANG_WARN_OBJC_ROOT_CLASS = YES_ERROR;
				CLANG_WARN_QUOTED_INCLUDE_IN_FRAMEWORK_HEADER = YES;
				CLANG_WARN_RANGE_LOOP_ANALYSIS = YES;
				CLANG_WARN_STRICT_PROTOTYPES = YES;
				CLANG_WARN_SUSPICIOUS_MOVE = YES;
				CLANG_WARN_UNGUARDED_AVAILABILITY = YES_AGGRESSIVE;
				CLANG_WARN_UNREACHABLE_CODE = YES;
				CLANG_WARN__DUPLICATE_METHOD_MATCH = YES;
				COPY_PHASE_STRIP = NO;
				DEBUG_INFORMATION_FORMAT = dwarf;
				ENABLE_STRICT_OBJC_MSGSEND = YES;
				ENABLE_TESTABILITY = YES;
				GCC_C_LANGUAGE_STANDARD = gnu11;
				GCC_DYNAMIC_NO_PIC = NO;
				GCC_NO_COMMON_BLOCKS = YES;
				GCC_OPTIMIZATION_LEVEL = 0;
				GCC_PREPROCESSOR_DEFINITIONS = (
					"DEBUG=1",
					"$(inherited)",
				);
				GCC_WARN_64_TO_32_BIT_CONVERSION = YES;
				GCC_WARN_ABOUT_RETURN_TYPE = YES_ERROR;
				GCC_WARN_UNDECLARED_SELECTOR = YES;
				GCC_WARN_UNINITIALIZED_AUTOS = YES_AGGRESSIVE;
				GCC_WARN_UNUSED_FUNCTION = YES;
				GCC_WARN_UNUSED_VARIABLE = YES;
				IPHONEOS_DEPLOYMENT_TARGET = 14.0;
				MTL_ENABLE_DEBUG_INFO = INCLUDE_SOURCE;
				MTL_FAST_MATH = YES;
				ONLY_ACTIVE_ARCH = YES;
				SDKROOT = iphoneos;
				SWIFT_ACTIVE_COMPILATION_CONDITIONS = DEBUG;
				SWIFT_OPTIMIZATION_LEVEL = "-Onone";
			};
			name = Debug;
		};
		F816E63F2AA88B85004AB0C1 /* Release */ = {
			isa = XCBuildConfiguration;
			buildSettings = {
				ALWAYS_SEARCH_USER_PATHS = NO;
				CLANG_ANALYZER_NONNULL = YES;
				CLANG_ANALYZER_NUMBER_OBJECT_CONVERSION = YES_AGGRESSIVE;
				CLANG_CXX_LANGUAGE_STANDARD = "gnu++20";
				CLANG_ENABLE_MODULES = YES;
				CLANG_ENABLE_OBJC_ARC = YES;
				CLANG_ENABLE_OBJC_WEAK = YES;
				CLANG_WARN_BLOCK_CAPTURE_AUTORELEASING = YES;
				CLANG_WARN_BOOL_CONVERSION = YES;
				CLANG_WARN_COMMA = YES;
				CLANG_WARN_CONSTANT_CONVERSION = YES;
				CLANG_WARN_DEPRECATED_OBJC_IMPLEMENTATIONS = YES;
				CLANG_WARN_DIRECT_OBJC_ISA_USAGE = YES_ERROR;
				CLANG_WARN_DOCUMENTATION_COMMENTS = YES;
				CLANG_WARN_EMPTY_BODY = YES;
				CLANG_WARN_ENUM_CONVERSION = YES;
				CLANG_WARN_INFINITE_RECURSION = YES;
				CLANG_WARN_INT_CONVERSION = YES;
				CLANG_WARN_NON_LITERAL_NULL_CONVERSION = YES;
				CLANG_WARN_OBJC_IMPLICIT_RETAIN_SELF = YES;
				CLANG_WARN_OBJC_LITERAL_CONVERSION = YES;
				CLANG_WARN_OBJC_ROOT_CLASS = YES_ERROR;
				CLANG_WARN_QUOTED_INCLUDE_IN_FRAMEWORK_HEADER = YES;
				CLANG_WARN_RANGE_LOOP_ANALYSIS = YES;
				CLANG_WARN_STRICT_PROTOTYPES = YES;
				CLANG_WARN_SUSPICIOUS_MOVE = YES;
				CLANG_WARN_UNGUARDED_AVAILABILITY = YES_AGGRESSIVE;
				CLANG_WARN_UNREACHABLE_CODE = YES;
				CLANG_WARN__DUPLICATE_METHOD_MATCH = YES;
				COPY_PHASE_STRIP = NO;
				DEBUG_INFORMATION_FORMAT = "dwarf-with-dsym";
				ENABLE_NS_ASSERTIONS = NO;
				ENABLE_STRICT_OBJC_MSGSEND = YES;
				GCC_C_LANGUAGE_STANDARD = gnu11;
				GCC_NO_COMMON_BLOCKS = YES;
				GCC_WARN_64_TO_32_BIT_CONVERSION = YES;
				GCC_WARN_ABOUT_RETURN_TYPE = YES_ERROR;
				GCC_WARN_UNDECLARED_SELECTOR = YES;
				GCC_WARN_UNINITIALIZED_AUTOS = YES_AGGRESSIVE;
				GCC_WARN_UNUSED_FUNCTION = YES;
				GCC_WARN_UNUSED_VARIABLE = YES;
				IPHONEOS_DEPLOYMENT_TARGET = 14.0;
				MTL_ENABLE_DEBUG_INFO = NO;
				MTL_FAST_MATH = YES;
				SDKROOT = iphoneos;
				SWIFT_COMPILATION_MODE = wholemodule;
				SWIFT_OPTIMIZATION_LEVEL = "-O";
				VALIDATE_PRODUCT = YES;
			};
			name = Release;
		};
		F816E6412AA88B85004AB0C1 /* Debug */ = {
			isa = XCBuildConfiguration;
			baseConfigurationReference = A232C87927E7180086B47FD6 /* Pods-BinBot.debug.xcconfig */;
			buildSettings = {
				ASSETCATALOG_COMPILER_APPICON_NAME = AppIcon;
				ASSETCATALOG_COMPILER_GLOBAL_ACCENT_COLOR_NAME = AccentColor;
				CODE_SIGN_STYLE = Automatic;
				CURRENT_PROJECT_VERSION = 1;
				DEVELOPMENT_TEAM = T43M2RW9QP;
				GENERATE_INFOPLIST_FILE = YES;
				INFOPLIST_FILE = BinBot/Info.plist;
				INFOPLIST_KEY_UIApplicationSupportsIndirectInputEvents = YES;
				INFOPLIST_KEY_UILaunchStoryboardName = LaunchScreen;
				INFOPLIST_KEY_UISupportedInterfaceOrientations_iPad = "UIInterfaceOrientationPortrait UIInterfaceOrientationPortraitUpsideDown UIInterfaceOrientationLandscapeLeft UIInterfaceOrientationLandscapeRight";
				INFOPLIST_KEY_UISupportedInterfaceOrientations_iPhone = "UIInterfaceOrientationPortrait UIInterfaceOrientationLandscapeLeft UIInterfaceOrientationLandscapeRight";
				IPHONEOS_DEPLOYMENT_TARGET = 14.0;
				LD_RUNPATH_SEARCH_PATHS = (
					"$(inherited)",
					"@executable_path/Frameworks",
				);
				MARKETING_VERSION = 1.0;
				PRODUCT_BUNDLE_IDENTIFIER = mganeeva.BinBot;
				PRODUCT_NAME = "$(TARGET_NAME)";
				SUPPORTED_PLATFORMS = "iphoneos iphonesimulator";
				SUPPORTS_MACCATALYST = NO;
				SUPPORTS_MAC_DESIGNED_FOR_IPHONE_IPAD = NO;
				SWIFT_EMIT_LOC_STRINGS = YES;
				SWIFT_VERSION = 5.0;
				TARGETED_DEVICE_FAMILY = "1,2";
			};
			name = Debug;
		};
		F816E6422AA88B85004AB0C1 /* Release */ = {
			isa = XCBuildConfiguration;
			baseConfigurationReference = 7FA3E607690D172877B08A49 /* Pods-BinBot.release.xcconfig */;
			buildSettings = {
				ASSETCATALOG_COMPILER_APPICON_NAME = AppIcon;
				ASSETCATALOG_COMPILER_GLOBAL_ACCENT_COLOR_NAME = AccentColor;
				CODE_SIGN_STYLE = Automatic;
				CURRENT_PROJECT_VERSION = 1;
				DEVELOPMENT_TEAM = T43M2RW9QP;
				GENERATE_INFOPLIST_FILE = YES;
				INFOPLIST_FILE = BinBot/Info.plist;
				INFOPLIST_KEY_UIApplicationSupportsIndirectInputEvents = YES;
				INFOPLIST_KEY_UILaunchStoryboardName = LaunchScreen;
				INFOPLIST_KEY_UISupportedInterfaceOrientations_iPad = "UIInterfaceOrientationPortrait UIInterfaceOrientationPortraitUpsideDown UIInterfaceOrientationLandscapeLeft UIInterfaceOrientationLandscapeRight";
				INFOPLIST_KEY_UISupportedInterfaceOrientations_iPhone = "UIInterfaceOrientationPortrait UIInterfaceOrientationLandscapeLeft UIInterfaceOrientationLandscapeRight";
				IPHONEOS_DEPLOYMENT_TARGET = 14.0;
				LD_RUNPATH_SEARCH_PATHS = (
					"$(inherited)",
					"@executable_path/Frameworks",
				);
				MARKETING_VERSION = 1.0;
				PRODUCT_BUNDLE_IDENTIFIER = mganeeva.BinBot;
				PRODUCT_NAME = "$(TARGET_NAME)";
				SUPPORTED_PLATFORMS = "iphoneos iphonesimulator";
				SUPPORTS_MACCATALYST = NO;
				SUPPORTS_MAC_DESIGNED_FOR_IPHONE_IPAD = NO;
				SWIFT_EMIT_LOC_STRINGS = YES;
				SWIFT_VERSION = 5.0;
				TARGETED_DEVICE_FAMILY = "1,2";
			};
			name = Release;
		};
/* End XCBuildConfiguration section */

/* Begin XCConfigurationList section */
		F816E6272AA88B83004AB0C1 /* Build configuration list for PBXProject "BinBot" */ = {
			isa = XCConfigurationList;
			buildConfigurations = (
				F816E63E2AA88B85004AB0C1 /* Debug */,
				F816E63F2AA88B85004AB0C1 /* Release */,
			);
			defaultConfigurationIsVisible = 0;
			defaultConfigurationName = Release;
		};
		F816E6402AA88B85004AB0C1 /* Build configuration list for PBXNativeTarget "BinBot" */ = {
			isa = XCConfigurationList;
			buildConfigurations = (
				F816E6412AA88B85004AB0C1 /* Debug */,
				F816E6422AA88B85004AB0C1 /* Release */,
			);
			defaultConfigurationIsVisible = 0;
			defaultConfigurationName = Release;
		};
/* End XCConfigurationList section */
	};
	rootObject = F816E6242AA88B83004AB0C1 /* Project object */;
}
